{
  "version": 1,
  "dependencies": {
    "net9.0-windows7.0": {
      "DalamudPackager": {
        "type": "Direct",
        "requested": "[13.1.0, )",
        "resolved": "13.1.0",
        "contentHash": "XdoNhJGyFby5M/sdcRhnc5xTop9PHy+H50PTWpzLhJugjB19EDBiHD/AsiDF66RETM+0qKUdJBZrNuebn7qswQ=="
      },
      "DotNet.ReproducibleBuilds": {
        "type": "Direct",
        "requested": "[1.2.25, )",
        "resolved": "1.2.25",
        "contentHash": "xCXiw7BCxHJ8pF6wPepRUddlh2dlQlbr81gXA72hdk4FLHkKXas7EH/n+fk5UCA/YfMqG1Z6XaPiUjDbUNBUzg=="
      },
      "GTranslate": {
        "type": "Direct",
        "requested": "[2.3.1, )",
        "resolved": "2.3.1",
        "contentHash": "bHT6UbYjVWCmhNyxt73NEyJtE1tDl9OMrIGIMypn3DPD7S7pjUVbS1TyZF6N8V2qtn9mSlaiu+6XbecIvjQZ8w=="
      },
      "GrEmit": {
        "type": "Transitive",
        "resolved": "3.4.10",
        "contentHash": "+Y6C/C7WxqHh3TiDgdxyu0pZIs2u5xfwR+DewjJ3BmHLj+gHV0E5GOQD6jfK4Yhi3Ecs0uafYLVL/7hgZK6AUw=="
      },
      "GroBuf": {
        "type": "Transitive",
        "resolved": "1.9.2",
        "contentHash": "y9RhuTnF+MnhitATAtuj1YA5gTNQn76Md2ELsgYyodOfh52usdNAxScvx+BBtarojzrJVDLWeXYY+3ELquT/Ew==",
        "dependencies": {
          "GrEmit": "3.4.10",
          "Mono.Reflection": "2.0.0"
        }
      },
      "K4os.Compression.LZ4": {
        "type": "Transitive",
        "resolved": "1.3.6",
        "contentHash": "RxGhoJBjZCgGeZgDqOP4Krs1cR9PHInbz6d2N19Dic0Y6ZACzVKbR3uSpqfEZf4RiUbHk9aiog2eS22nQPTc2A=="
      },
      "Mono.Reflection": {
        "type": "Transitive",
        "resolved": "2.0.0",
        "contentHash": "gipqt3dO1NsgM9wfUsQeNVLYmSskDfaN+muNQHLJYkCuYxx2bIp6gAA8j2Rp+Ey6YNHloZv+BJY56r9fl3tfew=="
      },
      "fastpersistentdictionary": {
        "type": "Project",
        "dependencies": {
          "GroBuf": "[1.9.2, )",
          "K4os.Compression.LZ4": "[1.3.6, )",
          "Mono.Reflection": "[2.0.0, )"
        }
      }
    }
  }
}